
Microsoft Visual Studio Solution File, Format Version 12.00
# Visual Studio Version 17
VisualStudioVersion = 17.13.35825.156
MinimumVisualStudioVersion = 10.0.40219.1
Project("{8BC9CEB8-8B4A-11D0-8D11-00A0C91BC942}") = "capture-to-save", "capture-to-save\capture-to-save.vcxproj", "{548172D0-0E0F-448F-823B-450634D07A8F}"
EndProject
Project("{8BC9CEB8-8B4A-11D0-8D11-00A0C91BC942}") = "glfw-imgui", "C:\Program Files (x86)\Intel RealSense SDK 2.0\third-party\glfw-imgui\src\glfw-imgui.vcxproj", "{EA621509-198F-4B16-99DA-AA911B721536}"
EndProject
Project("{2150E333-8FDC-42A3-9474-1A3956D46DE8}") = "3rd-Party", "3rd-Party", "{02EA681E-C7D8-13C7-8484-4AC65E1B71E8}"
EndProject
Project("{2150E333-8FDC-42A3-9474-1A3956D46DE8}") = "CV-examples", "CV-examples", "{AD13BFB6-884E-4B95-B2CD-32E138EA5B2F}"
EndProject
Project("{8BC9CEB8-8B4A-11D0-8D11-00A0C91BC942}") = "save-to-disk", "C:\Program Files (x86)\Intel RealSense SDK 2.0\samples\save-to-disk\save-to-disk.vcxproj", "{6EBD6670-4588-4585-B124-E5E0DB6789A3}"
EndProject
Project("{8BC9CEB8-8B4A-11D0-8D11-00A0C91BC942}") = "capture", "C:\Program Files (x86)\Intel RealSense SDK 2.0\samples\capture\capture.vcxproj", "{C84602D8-7980-4AC9-8CAC-4EB721624777}"
EndProject
Project("{8BC9CEB8-8B4A-11D0-8D11-00A0C91BC942}") = "hello-realsense", "C:\Program Files (x86)\Intel RealSense SDK 2.0\samples\hello-realsense\hello-realsense.vcxproj", "{76816DFD-4A19-4905-B0EA-07EE9434C17D}"
EndProject
Global
	GlobalSection(SolutionConfigurationPlatforms) = preSolution
		Debug|x64 = Debug|x64
		Debug|x86 = Debug|x86
		Release|x64 = Release|x64
		Release|x86 = Release|x86
	EndGlobalSection
	GlobalSection(ProjectConfigurationPlatforms) = postSolution
		{548172D0-0E0F-448F-823B-450634D07A8F}.Debug|x64.ActiveCfg = Debug|x64
		{548172D0-0E0F-448F-823B-450634D07A8F}.Debug|x64.Build.0 = Debug|x64
		{548172D0-0E0F-448F-823B-450634D07A8F}.Debug|x86.ActiveCfg = Debug|x64
		{548172D0-0E0F-448F-823B-450634D07A8F}.Release|x64.ActiveCfg = Release|x64
		{548172D0-0E0F-448F-823B-450634D07A8F}.Release|x64.Build.0 = Release|x64
		{548172D0-0E0F-448F-823B-450634D07A8F}.Release|x86.ActiveCfg = Release|x64
		{EA621509-198F-4B16-99DA-AA911B721536}.Debug|x64.ActiveCfg = Debug|x64
		{EA621509-198F-4B16-99DA-AA911B721536}.Debug|x64.Build.0 = Debug|x64
		{EA621509-198F-4B16-99DA-AA911B721536}.Debug|x86.ActiveCfg = Debug|Win32
		{EA621509-198F-4B16-99DA-AA911B721536}.Debug|x86.Build.0 = Debug|Win32
		{EA621509-198F-4B16-99DA-AA911B721536}.Release|x64.ActiveCfg = Release|x64
		{EA621509-198F-4B16-99DA-AA911B721536}.Release|x64.Build.0 = Release|x64
		{EA621509-198F-4B16-99DA-AA911B721536}.Release|x86.ActiveCfg = Release|Win32
		{EA621509-198F-4B16-99DA-AA911B721536}.Release|x86.Build.0 = Release|Win32
		{6EBD6670-4588-4585-B124-E5E0DB6789A3}.Debug|x64.ActiveCfg = Debug|x64
		{6EBD6670-4588-4585-B124-E5E0DB6789A3}.Debug|x64.Build.0 = Debug|x64
		{6EBD6670-4588-4585-B124-E5E0DB6789A3}.Debug|x86.ActiveCfg = Debug|x64
		{6EBD6670-4588-4585-B124-E5E0DB6789A3}.Debug|x86.Build.0 = Debug|x64
		{6EBD6670-4588-4585-B124-E5E0DB6789A3}.Release|x64.ActiveCfg = Release|x64
		{6EBD6670-4588-4585-B124-E5E0DB6789A3}.Release|x64.Build.0 = Release|x64
		{6EBD6670-4588-4585-B124-E5E0DB6789A3}.Release|x86.ActiveCfg = Release|x64
		{6EBD6670-4588-4585-B124-E5E0DB6789A3}.Release|x86.Build.0 = Release|x64
		{C84602D8-7980-4AC9-8CAC-4EB721624777}.Debug|x64.ActiveCfg = Debug|x64
		{C84602D8-7980-4AC9-8CAC-4EB721624777}.Debug|x64.Build.0 = Debug|x64
		{C84602D8-7980-4AC9-8CAC-4EB721624777}.Debug|x86.ActiveCfg = Debug|x64
		{C84602D8-7980-4AC9-8CAC-4EB721624777}.Debug|x86.Build.0 = Debug|x64
		{C84602D8-7980-4AC9-8CAC-4EB721624777}.Release|x64.ActiveCfg = Release|x64
		{C84602D8-7980-4AC9-8CAC-4EB721624777}.Release|x64.Build.0 = Release|x64
		{C84602D8-7980-4AC9-8CAC-4EB721624777}.Release|x86.ActiveCfg = Release|x64
		{C84602D8-7980-4AC9-8CAC-4EB721624777}.Release|x86.Build.0 = Release|x64
		{76816DFD-4A19-4905-B0EA-07EE9434C17D}.Debug|x64.ActiveCfg = Debug|x64
		{76816DFD-4A19-4905-B0EA-07EE9434C17D}.Debug|x64.Build.0 = Debug|x64
		{76816DFD-4A19-4905-B0EA-07EE9434C17D}.Debug|x86.ActiveCfg = Debug|x64
		{76816DFD-4A19-4905-B0EA-07EE9434C17D}.Debug|x86.Build.0 = Debug|x64
		{76816DFD-4A19-4905-B0EA-07EE9434C17D}.Release|x64.ActiveCfg = Release|x64
		{76816DFD-4A19-4905-B0EA-07EE9434C17D}.Release|x64.Build.0 = Release|x64
		{76816DFD-4A19-4905-B0EA-07EE9434C17D}.Release|x86.ActiveCfg = Release|x64
		{76816DFD-4A19-4905-B0EA-07EE9434C17D}.Release|x86.Build.0 = Release|x64
	EndGlobalSection
	GlobalSection(SolutionProperties) = preSolution
		HideSolutionNode = FALSE
	EndGlobalSection
	GlobalSection(NestedProjects) = preSolution
		{EA621509-198F-4B16-99DA-AA911B721536} = {02EA681E-C7D8-13C7-8484-4AC65E1B71E8}
	EndGlobalSection
	GlobalSection(ExtensibilityGlobals) = postSolution
		SolutionGuid = {08C7BEBB-4968-4FB8-87D2-84C0016CB98C}
	EndGlobalSection
EndGlobal
